PODS:
  - Alamofire (5.4.0)
  - AlamofireImage (4.1.0):
    - Alamofire (~> 5.1)
  - Flutter (1.0.0)
  - flutter_game (0.0.1):
    - Flutter
  - FlutterPluginRegistrant (0.0.1):
    - Flutter
  - SnapKit (5.0.1)
  - XCDYouTubeKit (2.15.1)

DEPENDENCIES:
  - Alamofire
  - AlamofireImage
  - Flutter (from `Modules/flutter_game/.ios/Flutter/engine`)
  - flutter_game (from `Modules/flutter_game/.ios/Flutter`)
  - FlutterPluginRegistrant (from `Modules/flutter_game/.ios/Flutter/FlutterPluginRegistrant`)
  - SnapKit
  - XCDYouTubeKit

SPEC REPOS:
  trunk:
    - Alamofire
    - AlamofireImage
    - SnapKit
    - XCDYouTubeKit

EXTERNAL SOURCES:
  Flutter:
    :path: Modules/flutter_game/.ios/Flutter/engine
  flutter_game:
    :path: Modules/flutter_game/.ios/Flutter
  FlutterPluginRegistrant:
    :path: Modules/flutter_game/.ios/Flutter/FlutterPluginRegistrant

SPEC CHECKSUMS:
  Alamofire: 3b6a534a3df22db367e4dedeeca73d1ddfcf0e2f
  AlamofireImage: c4a2ba349885fb3064feb74d2e547bd42ce9be10
  Flutter: 0e3d915762c693b495b44d77113d4970485de6ec
  flutter_game: 10adb02837cf87dfe53372536477fd5af313f39f
  FlutterPluginRegistrant: 2afd5ea46d3a949472c9b7da6462d8fbf7d8b16e
  SnapKit: 97b92857e3df3a0c71833cce143274bf6ef8e5eb
  XCDYouTubeKit: 5ad334d4657ab920adc5bd6c16f39db8c8ad8d24

PODFILE CHECKSUM: ae69182652f7359be9aa74ad94ffeefb0236a5ff

COCOAPODS: 1.9.2
